
Microsoft Visual Studio Solution File, Format Version 12.00
# Visual Studio 2013
VisualStudioVersion = 12.0.31101.0
MinimumVisualStudioVersion = 10.0.40219.1
Project("{FAE04EC0-301F-11D3-BF4B-00C04F79EFBC}") = "IdSrv", "IdSrv\IdSrv.csproj", "{08BCD5D2-0F22-43F6-82CF-CA5FF5E05D1E}"
EndProject
Project("{FAE04EC0-301F-11D3-BF4B-00C04F79EFBC}") = "Client", "Client\Client.csproj", "{91B12158-9FF9-45FC-A2DC-22B5B366AAEF}"
EndProject
Global
	GlobalSection(SolutionConfigurationPlatforms) = preSolution
		Debug|Any CPU = Debug|Any CPU
		Release|Any CPU = Release|Any CPU
	EndGlobalSection
	GlobalSection(ProjectConfigurationPlatforms) = postSolution
		{08BCD5D2-0F22-43F6-82CF-CA5FF5E05D1E}.Debug|Any CPU.ActiveCfg = Debug|Any CPU
		{08BCD5D2-0F22-43F6-82CF-CA5FF5E05D1E}.Debug|Any CPU.Build.0 = Debug|Any CPU
		{08BCD5D2-0F22-43F6-82CF-CA5FF5E05D1E}.Release|Any CPU.ActiveCfg = Release|Any CPU
		{08BCD5D2-0F22-43F6-82CF-CA5FF5E05D1E}.Release|Any CPU.Build.0 = Release|Any CPU
		{91B12158-9FF9-45FC-A2DC-22B5B366AAEF}.Debug|Any CPU.ActiveCfg = Debug|Any CPU
		{91B12158-9FF9-45FC-A2DC-22B5B366AAEF}.Debug|Any CPU.Build.0 = Debug|Any CPU
		{91B12158-9FF9-45FC-A2DC-22B5B366AAEF}.Release|Any CPU.ActiveCfg = Release|Any CPU
		{91B12158-9FF9-45FC-A2DC-22B5B366AAEF}.Release|Any CPU.Build.0 = Release|Any CPU
	EndGlobalSection
	GlobalSection(SolutionProperties) = preSolution
		HideSolutionNode = FALSE
	EndGlobalSection
EndGlobal
